
Microsoft Visual Studio Solution File, Format Version 12.00
# Visual Studio Version 16
VisualStudioVersion = 16.0.29001.49
MinimumVisualStudioVersion = 10.0.40219.1
Project("{FAE04EC0-301F-11D3-BF4B-00C04F79EFBC}") = "PizzaDeliveryAPI", "PizzaDeliveryAPI.csproj", "{9EB30CEB-3540-4683-83AA-DF9E59511E7A}"
EndProject
Global
	GlobalSection(SolutionConfigurationPlatforms) = preSolution
		Debug|Any CPU = Debug|Any CPU
		Release|Any CPU = Release|Any CPU
	EndGlobalSection
	GlobalSection(ProjectConfigurationPlatforms) = postSolution
		{9EB30CEB-3540-4683-83AA-DF9E59511E7A}.Debug|Any CPU.ActiveCfg = Debug|Any CPU
		{9EB30CEB-3540-4683-83AA-DF9E59511E7A}.Debug|Any CPU.Build.0 = Debug|Any CPU
		{9EB30CEB-3540-4683-83AA-DF9E59511E7A}.Release|Any CPU.ActiveCfg = Release|Any CPU
		{9EB30CEB-3540-4683-83AA-DF9E59511E7A}.Release|Any CPU.Build.0 = Release|Any CPU
	EndGlobalSection
	GlobalSection(SolutionProperties) = preSolution
		HideSolutionNode = FALSE
	EndGlobalSection
	GlobalSection(ExtensibilityGlobals) = postSolution
		SolutionGuid = {FBAA3DF7-68E4-4B14-89AC-9512BD0E039E}
	EndGlobalSection
EndGlobal
